
Microsoft Visual Studio Solution File, Format Version 12.00
# Visual Studio Version 16
VisualStudioVersion = 25.0.1704.0
MinimumVisualStudioVersion = 10.0.40219.1
Project("{FAE04EC0-301F-11D3-BF4B-00C04F79EFBC}") = "FizzBuzz", "FizzBuzz\FizzBuzz.csproj", "{AED7201B-C653-483E-996C-1AF76F61847A}"
EndProject
Global
	GlobalSection(SolutionConfigurationPlatforms) = preSolution
		Debug|Any CPU = Debug|Any CPU
		Release|Any CPU = Release|Any CPU
	EndGlobalSection
	GlobalSection(ProjectConfigurationPlatforms) = postSolution
		{AED7201B-C653-483E-996C-1AF76F61847A}.Debug|Any CPU.ActiveCfg = Debug|Any CPU
		{AED7201B-C653-483E-996C-1AF76F61847A}.Debug|Any CPU.Build.0 = Debug|Any CPU
		{AED7201B-C653-483E-996C-1AF76F61847A}.Release|Any CPU.ActiveCfg = Release|Any CPU
		{AED7201B-C653-483E-996C-1AF76F61847A}.Release|Any CPU.Build.0 = Release|Any CPU
	EndGlobalSection
	GlobalSection(SolutionProperties) = preSolution
		HideSolutionNode = FALSE
	EndGlobalSection
	GlobalSection(ExtensibilityGlobals) = postSolution
		SolutionGuid = {11151697-B950-4DEC-9E3F-DCF6D7032CB0}
	EndGlobalSection
EndGlobal
